
Microsoft Visual Studio Solution File, Format Version 12.00
# Visual Studio Version 16
VisualStudioVersion = 16.0.31424.327
MinimumVisualStudioVersion = 10.0.40219.1
Project("{F184B08F-C81C-45F6-A57F-5ABD9991F28F}") = "VBFileDlgExtenders_V12", "FileDlgExtenders\VBFileDlgExtenders_V12.vbproj", "{F5135B22-C4FD-4C02-9A38-4DADCA847724}"
EndProject
Project("{F184B08F-C81C-45F6-A57F-5ABD9991F28F}") = "VBCustomOpenFileDialog_V12", "VBCustomOpenFileDialog_V12.vbproj", "{D9D8982A-399A-4EB7-8DF5-EBDED7D866A0}"
	ProjectSection(ProjectDependencies) = postProject
		{F5135B22-C4FD-4C02-9A38-4DADCA847724} = {F5135B22-C4FD-4C02-9A38-4DADCA847724}
	EndProjectSection
EndProject
Project("{F184B08F-C81C-45F6-A57F-5ABD9991F28F}") = "VBWpfCustomFileDialog_V12", "WpfCustomFileDialog\VBWpfCustomFileDialog_V12.vbproj", "{739696ED-11C6-4418-9A44-50F70179E32B}"
EndProject
Project("{F184B08F-C81C-45F6-A57F-5ABD9991F28F}") = "VBVideoManager_v12", "VideoManager\VBVideoManager_v12.vbproj", "{D5E5EE0C-8599-4335-B296-8F80712D35C6}"
EndProject
Project("{2150E333-8FDC-42A3-9474-1A3956D46DE8}") = "Solution Items", "Solution Items", "{F76EF8F0-E289-47BF-ADB7-1D6862D9B722}"
	ProjectSection(SolutionItems) = preProject
		.editorconfig = .editorconfig
	EndProjectSection
EndProject
Global
	GlobalSection(SolutionConfigurationPlatforms) = preSolution
		Debug|Any CPU = Debug|Any CPU
		Release|Any CPU = Release|Any CPU
	EndGlobalSection
	GlobalSection(ProjectConfigurationPlatforms) = postSolution
		{F5135B22-C4FD-4C02-9A38-4DADCA847724}.Debug|Any CPU.ActiveCfg = Debug|Any CPU
		{F5135B22-C4FD-4C02-9A38-4DADCA847724}.Debug|Any CPU.Build.0 = Debug|Any CPU
		{F5135B22-C4FD-4C02-9A38-4DADCA847724}.Release|Any CPU.ActiveCfg = Release|Any CPU
		{F5135B22-C4FD-4C02-9A38-4DADCA847724}.Release|Any CPU.Build.0 = Release|Any CPU
		{D9D8982A-399A-4EB7-8DF5-EBDED7D866A0}.Debug|Any CPU.ActiveCfg = Debug|Any CPU
		{D9D8982A-399A-4EB7-8DF5-EBDED7D866A0}.Debug|Any CPU.Build.0 = Debug|Any CPU
		{D9D8982A-399A-4EB7-8DF5-EBDED7D866A0}.Release|Any CPU.ActiveCfg = Release|Any CPU
		{D9D8982A-399A-4EB7-8DF5-EBDED7D866A0}.Release|Any CPU.Build.0 = Release|Any CPU
		{739696ED-11C6-4418-9A44-50F70179E32B}.Debug|Any CPU.ActiveCfg = Debug|Any CPU
		{739696ED-11C6-4418-9A44-50F70179E32B}.Debug|Any CPU.Build.0 = Debug|Any CPU
		{739696ED-11C6-4418-9A44-50F70179E32B}.Release|Any CPU.ActiveCfg = Release|Any CPU
		{739696ED-11C6-4418-9A44-50F70179E32B}.Release|Any CPU.Build.0 = Release|Any CPU
		{D5E5EE0C-8599-4335-B296-8F80712D35C6}.Debug|Any CPU.ActiveCfg = Debug|Any CPU
		{D5E5EE0C-8599-4335-B296-8F80712D35C6}.Debug|Any CPU.Build.0 = Debug|Any CPU
		{D5E5EE0C-8599-4335-B296-8F80712D35C6}.Release|Any CPU.ActiveCfg = Release|Any CPU
		{D5E5EE0C-8599-4335-B296-8F80712D35C6}.Release|Any CPU.Build.0 = Release|Any CPU
	EndGlobalSection
	GlobalSection(SolutionProperties) = preSolution
		HideSolutionNode = FALSE
	EndGlobalSection
	GlobalSection(ExtensibilityGlobals) = postSolution
		SolutionGuid = {9A887C5F-6362-4939-82EF-6CE430855C83}
	EndGlobalSection
EndGlobal
